{
  "name": "awesome-plop",
  "version": "1.0.0",
  "lockfileVersion": 1,
  "requires": true,
  "dependencies": {
    "node-fetch": {
      "version": "2.6.0",
      "resolved": "https://pkgs.dev.azure.com/CVI-ECP/6283c33b-0e16-4e46-a788-1ea2ea86fdf6/_packaging/ecp-components/npm/registry/node-fetch/-/node-fetch-2.6.0.tgz",
      "integrity": "sha1-5jNFY4bUqlWGP2dqerDaqP3ssP0="
    }
  }
}
